
Microsoft Visual Studio Solution File, Format Version 12.00
# Visual Studio 15
VisualStudioVersion = 15.0.28010.0
MinimumVisualStudioVersion = 10.0.40219.1
Project("{FAE04EC0-301F-11D3-BF4B-00C04F79EFBC}") = "StudentInformationWebAPI", "StudentInformationWebAPI\StudentInformationWebAPI.csproj", "{889B6F36-0B7A-4CA7-92E3-96FCDE3FA083}"
EndProject
Project("{FAE04EC0-301F-11D3-BF4B-00C04F79EFBC}") = "StudentInformationMVC", "StudentInformationMVC\StudentInformationMVC.csproj", "{D2FC9C6F-7FC1-4D5C-8DF0-2BC5BD51DA48}"
EndProject
Global
	GlobalSection(SolutionConfigurationPlatforms) = preSolution
		Debug|Any CPU = Debug|Any CPU
		Release|Any CPU = Release|Any CPU
	EndGlobalSection
	GlobalSection(ProjectConfigurationPlatforms) = postSolution
		{889B6F36-0B7A-4CA7-92E3-96FCDE3FA083}.Debug|Any CPU.ActiveCfg = Debug|Any CPU
		{889B6F36-0B7A-4CA7-92E3-96FCDE3FA083}.Debug|Any CPU.Build.0 = Debug|Any CPU
		{889B6F36-0B7A-4CA7-92E3-96FCDE3FA083}.Release|Any CPU.ActiveCfg = Release|Any CPU
		{889B6F36-0B7A-4CA7-92E3-96FCDE3FA083}.Release|Any CPU.Build.0 = Release|Any CPU
		{D2FC9C6F-7FC1-4D5C-8DF0-2BC5BD51DA48}.Debug|Any CPU.ActiveCfg = Debug|Any CPU
		{D2FC9C6F-7FC1-4D5C-8DF0-2BC5BD51DA48}.Debug|Any CPU.Build.0 = Debug|Any CPU
		{D2FC9C6F-7FC1-4D5C-8DF0-2BC5BD51DA48}.Release|Any CPU.ActiveCfg = Release|Any CPU
		{D2FC9C6F-7FC1-4D5C-8DF0-2BC5BD51DA48}.Release|Any CPU.Build.0 = Release|Any CPU
	EndGlobalSection
	GlobalSection(SolutionProperties) = preSolution
		HideSolutionNode = FALSE
	EndGlobalSection
	GlobalSection(ExtensibilityGlobals) = postSolution
		SolutionGuid = {F72111D3-F0D6-410B-8D5A-8F2D06A318F7}
	EndGlobalSection
EndGlobal
